
Microsoft Visual Studio Solution File, Format Version 12.00
# Visual Studio 15
VisualStudioVersion = 15.0.27004.2009
MinimumVisualStudioVersion = 10.0.40219.1
Project("{9A19103F-16F7-4668-BE54-9A1E7A4F7556}") = "Serilog.Sinks.AzureEventHub", "src\Serilog.Sinks.AzureEventHub\Serilog.Sinks.AzureEventHub.csproj", "{4F30F48A-E294-456B-810F-E6D5B0191421}"
EndProject
Global
	GlobalSection(SolutionConfigurationPlatforms) = preSolution
		Debug|Any CPU = Debug|Any CPU
		Release|Any CPU = Release|Any CPU
	EndGlobalSection
	GlobalSection(ProjectConfigurationPlatforms) = postSolution
		{4F30F48A-E294-456B-810F-E6D5B0191421}.Debug|Any CPU.ActiveCfg = Debug|Any CPU
		{4F30F48A-E294-456B-810F-E6D5B0191421}.Debug|Any CPU.Build.0 = Debug|Any CPU
		{4F30F48A-E294-456B-810F-E6D5B0191421}.Release|Any CPU.ActiveCfg = Release|Any CPU
		{4F30F48A-E294-456B-810F-E6D5B0191421}.Release|Any CPU.Build.0 = Release|Any CPU
	EndGlobalSection
	GlobalSection(SolutionProperties) = preSolution
		HideSolutionNode = FALSE
	EndGlobalSection
	GlobalSection(ExtensibilityGlobals) = postSolution
		SolutionGuid = {E0B607D3-51F2-4422-AD79-617F980AE0F1}
	EndGlobalSection
EndGlobal
